
Microsoft Visual Studio Solution File, Format Version 12.00
# Visual Studio 14
VisualStudioVersion = 14.0.24720.0
MinimumVisualStudioVersion = 10.0.40219.1
Project("{FAE04EC0-301F-11D3-BF4B-00C04F79EFBC}") = "OrderTaker", "OrderTaker\OrderTaker.csproj", "{ACF9968A-0BCC-4F87-8F0A-09E84822BCB8}"
EndProject
Project("{FAE04EC0-301F-11D3-BF4B-00C04F79EFBC}") = "ViewModel", "ViewModel\ViewModel.csproj", "{8D48F139-B0BC-4F5F-8A7A-F8E43D4E7372}"
EndProject
Project("{FAE04EC0-301F-11D3-BF4B-00C04F79EFBC}") = "DTO", "DTO\DTO.csproj", "{978E7CCD-C178-4297-BA20-A5B2FB47B4D7}"
EndProject
Project("{FAE04EC0-301F-11D3-BF4B-00C04F79EFBC}") = "Processor", "Processor\Processor.csproj", "{023DD6EC-7F34-4EF9-AA16-E70FD206E924}"
EndProject
Project("{FAE04EC0-301F-11D3-BF4B-00C04F79EFBC}") = "DataAccess", "DataAccess\DataAccess.csproj", "{698AAAD0-D452-4649-8CB1-F761F480F6C9}"
EndProject
Global
	GlobalSection(SolutionConfigurationPlatforms) = preSolution
		Debug|Any CPU = Debug|Any CPU
		Release|Any CPU = Release|Any CPU
	EndGlobalSection
	GlobalSection(ProjectConfigurationPlatforms) = postSolution
		{ACF9968A-0BCC-4F87-8F0A-09E84822BCB8}.Debug|Any CPU.ActiveCfg = Debug|Any CPU
		{ACF9968A-0BCC-4F87-8F0A-09E84822BCB8}.Debug|Any CPU.Build.0 = Debug|Any CPU
		{ACF9968A-0BCC-4F87-8F0A-09E84822BCB8}.Release|Any CPU.ActiveCfg = Release|Any CPU
		{ACF9968A-0BCC-4F87-8F0A-09E84822BCB8}.Release|Any CPU.Build.0 = Release|Any CPU
		{8D48F139-B0BC-4F5F-8A7A-F8E43D4E7372}.Debug|Any CPU.ActiveCfg = Debug|Any CPU
		{8D48F139-B0BC-4F5F-8A7A-F8E43D4E7372}.Debug|Any CPU.Build.0 = Debug|Any CPU
		{8D48F139-B0BC-4F5F-8A7A-F8E43D4E7372}.Release|Any CPU.ActiveCfg = Release|Any CPU
		{8D48F139-B0BC-4F5F-8A7A-F8E43D4E7372}.Release|Any CPU.Build.0 = Release|Any CPU
		{978E7CCD-C178-4297-BA20-A5B2FB47B4D7}.Debug|Any CPU.ActiveCfg = Debug|Any CPU
		{978E7CCD-C178-4297-BA20-A5B2FB47B4D7}.Debug|Any CPU.Build.0 = Debug|Any CPU
		{978E7CCD-C178-4297-BA20-A5B2FB47B4D7}.Release|Any CPU.ActiveCfg = Release|Any CPU
		{978E7CCD-C178-4297-BA20-A5B2FB47B4D7}.Release|Any CPU.Build.0 = Release|Any CPU
		{023DD6EC-7F34-4EF9-AA16-E70FD206E924}.Debug|Any CPU.ActiveCfg = Debug|Any CPU
		{023DD6EC-7F34-4EF9-AA16-E70FD206E924}.Debug|Any CPU.Build.0 = Debug|Any CPU
		{023DD6EC-7F34-4EF9-AA16-E70FD206E924}.Release|Any CPU.ActiveCfg = Release|Any CPU
		{023DD6EC-7F34-4EF9-AA16-E70FD206E924}.Release|Any CPU.Build.0 = Release|Any CPU
		{698AAAD0-D452-4649-8CB1-F761F480F6C9}.Debug|Any CPU.ActiveCfg = Debug|Any CPU
		{698AAAD0-D452-4649-8CB1-F761F480F6C9}.Debug|Any CPU.Build.0 = Debug|Any CPU
		{698AAAD0-D452-4649-8CB1-F761F480F6C9}.Release|Any CPU.ActiveCfg = Release|Any CPU
		{698AAAD0-D452-4649-8CB1-F761F480F6C9}.Release|Any CPU.Build.0 = Release|Any CPU
	EndGlobalSection
	GlobalSection(SolutionProperties) = preSolution
		HideSolutionNode = FALSE
	EndGlobalSection
EndGlobal
